// !$*UTF8*$!
{
	archiveVersion = 1;
	classes = {
	};
	objectVersion = 50;
	objects = {

/* Begin PBXBuildFile section */
		1B77F470267DEAF100441C8B /* AppDelegate.swift in Sources */ = {isa = PBXBuildFile; fileRef = 1B77F46F267DEAF100441C8B /* AppDelegate.swift */; };
		1B77F472267DEAF100441C8B /* SceneDelegate.swift in Sources */ = {isa = PBXBuildFile; fileRef = 1B77F471267DEAF100441C8B /* SceneDelegate.swift */; };
		1B77F474267DEAF100441C8B /* ViewController.swift in Sources */ = {isa = PBXBuildFile; fileRef = 1B77F473267DEAF100441C8B /* ViewController.swift */; };
		1B77F477267DEAF100441C8B /* Main.storyboard in Resources */ = {isa = PBXBuildFile; fileRef = 1B77F475267DEAF100441C8B /* Main.storyboard */; };
		1B77F479267DEAF500441C8B /* Assets.xcassets in Resources */ = {isa = PBXBuildFile; fileRef = 1B77F478267DEAF500441C8B /* Assets.xcassets */; };
		1B77F47C267DEAF500441C8B /* LaunchScreen.storyboard in Resources */ = {isa = PBXBuildFile; fileRef = 1B77F47A267DEAF500441C8B /* LaunchScreen.storyboard */; };
		1B77F487267DEAF500441C8B /* tictactoeTests.swift in Sources */ = {isa = PBXBuildFile; fileRef = 1B77F486267DEAF500441C8B /* tictactoeTests.swift */; };
		1B77F4A1267E052C00441C8B /* TicTacToe.swift in Sources */ = {isa = PBXBuildFile; fileRef = 1B77F4A0267E052C00441C8B /* TicTacToe.swift */; };
		1B77F4A3267E231000441C8B /* Player.swift in Sources */ = {isa = PBXBuildFile; fileRef = 1B77F4A2267E231000441C8B /* Player.swift */; };
/* End PBXBuildFile section */

/* Begin PBXContainerItemProxy section */
		1B77F483267DEAF500441C8B /* PBXContainerItemProxy */ = {
			isa = PBXContainerItemProxy;
			containerPortal = 1B77F464267DEAF100441C8B /* Project object */;
			proxyType = 1;
			remoteGlobalIDString = 1B77F46B267DEAF100441C8B;
			remoteInfo = tictactoe;
		};
/* End PBXContainerItemProxy section */

/* Begin PBXFileReference section */
		1B77F46C267DEAF100441C8B /* tictactoe.app */ = {isa = PBXFileReference; explicitFileType = wrapper.application; includeInIndex = 0; path = tictactoe.app; sourceTree = BUILT_PRODUCTS_DIR; };
		1B77F46F267DEAF100441C8B /* AppDelegate.swift */ = {isa = PBXFileReference; lastKnownFileType = sourcecode.swift; path = AppDelegate.swift; sourceTree = "<group>"; };
		1B77F471267DEAF100441C8B /* SceneDelegate.swift */ = {isa = PBXFileReference; lastKnownFileType = sourcecode.swift; path = SceneDelegate.swift; sourceTree = "<group>"; };
		1B77F473267DEAF100441C8B /* ViewController.swift */ = {isa = PBXFileReference; lastKnownFileType = sourcecode.swift; path = ViewController.swift; sourceTree = "<group>"; };
		1B77F476267DEAF100441C8B /* Base */ = {isa = PBXFileReference; lastKnownFileType = file.storyboard; name = Base; path = Base.lproj/Main.storyboard; sourceTree = "<group>"; };
		1B77F478267DEAF500441C8B /* Assets.xcassets */ = {isa = PBXFileReference; lastKnownFileType = folder.assetcatalog; path = Assets.xcassets; sourceTree = "<group>"; };
		1B77F47B267DEAF500441C8B /* Base */ = {isa = PBXFileReference; lastKnownFileType = file.storyboard; name = Base; path = Base.lproj/LaunchScreen.storyboard; sourceTree = "<group>"; };
		1B77F47D267DEAF500441C8B /* Info.plist */ = {isa = PBXFileReference; lastKnownFileType = text.plist.xml; path = Info.plist; sourceTree = "<group>"; };
		1B77F482267DEAF500441C8B /* tictactoeTests.xctest */ = {isa = PBXFileReference; explicitFileType = wrapper.cfbundle; includeInIndex = 0; path = tictactoeTests.xctest; sourceTree = BUILT_PRODUCTS_DIR; };
		1B77F486267DEAF500441C8B /* tictactoeTests.swift */ = {isa = PBXFileReference; lastKnownFileType = sourcecode.swift; path = tictactoeTests.swift; sourceTree = "<group>"; };
		1B77F488267DEAF500441C8B /* Info.plist */ = {isa = PBXFileReference; lastKnownFileType = text.plist.xml; path = Info.plist; sourceTree = "<group>"; };
		1B77F4A0267E052C00441C8B /* TicTacToe.swift */ = {isa = PBXFileReference; lastKnownFileType = sourcecode.swift; path = TicTacToe.swift; sourceTree = "<group>"; };
		1B77F4A2267E231000441C8B /* Player.swift */ = {isa = PBXFileReference; lastKnownFileType = sourcecode.swift; path = Player.swift; sourceTree = "<group>"; };
/* End PBXFileReference section */

/* Begin PBXFrameworksBuildPhase section */
		1B77F469267DEAF100441C8B /* Frameworks */ = {
			isa = PBXFrameworksBuildPhase;
			buildActionMask = 2147483647;
			files = (
			);
			runOnlyForDeploymentPostprocessing = 0;
		};
		1B77F47F267DEAF500441C8B /* Frameworks */ = {
			isa = PBXFrameworksBuildPhase;
			buildActionMask = 2147483647;
			files = (
			);
			runOnlyForDeploymentPostprocessing = 0;
		};
/* End PBXFrameworksBuildPhase section */

/* Begin PBXGroup section */
		1B77F463267DEAF100441C8B = {
			isa = PBXGroup;
			children = (
				1B77F46E267DEAF100441C8B /* tictactoe */,
				1B77F485267DEAF500441C8B /* tictactoeTests */,
				1B77F46D267DEAF100441C8B /* Products */,
			);
			sourceTree = "<group>";
		};
		1B77F46D267DEAF100441C8B /* Products */ = {
			isa = PBXGroup;
			children = (
				1B77F46C267DEAF100441C8B /* tictactoe.app */,
				1B77F482267DEAF500441C8B /* tictactoeTests.xctest */,
			);
			name = Products;
			sourceTree = "<group>";
		};
		1B77F46E267DEAF100441C8B /* tictactoe */ = {
			isa = PBXGroup;
			children = (
				1B77F4A6267E23A700441C8B /* Supporting Files */,
				1B77F49F267E051500441C8B /* Game */,
				1B77F473267DEAF100441C8B /* ViewController.swift */,
				1B77F475267DEAF100441C8B /* Main.storyboard */,
				1B77F47D267DEAF500441C8B /* Info.plist */,
			);
			path = tictactoe;
			sourceTree = "<group>";
		};
		1B77F485267DEAF500441C8B /* tictactoeTests */ = {
			isa = PBXGroup;
			children = (
				1B77F486267DEAF500441C8B /* tictactoeTests.swift */,
				1B77F488267DEAF500441C8B /* Info.plist */,
			);
			path = tictactoeTests;
			sourceTree = "<group>";
		};
		1B77F49F267E051500441C8B /* Game */ = {
			isa = PBXGroup;
			children = (
				1B77F4A0267E052C00441C8B /* TicTacToe.swift */,
				1B77F4A2267E231000441C8B /* Player.swift */,
			);
			path = Game;
			sourceTree = "<group>";
		};
		1B77F4A6267E23A700441C8B /* Supporting Files */ = {
			isa = PBXGroup;
			children = (
				1B77F46F267DEAF100441C8B /* AppDelegate.swift */,
				1B77F471267DEAF100441C8B /* SceneDelegate.swift */,
				1B77F478267DEAF500441C8B /* Assets.xcassets */,
				1B77F47A267DEAF500441C8B /* LaunchScreen.storyboard */,
			);
			path = "Supporting Files";
			sourceTree = "<group>";
		};
/* End PBXGroup section */

/* Begin PBXNativeTarget section */
		1B77F46B267DEAF100441C8B /* tictactoe */ = {
			isa = PBXNativeTarget;
			buildConfigurationList = 1B77F496267DEAF500441C8B /* Build configuration list for PBXNativeTarget "tictactoe" */;
			buildPhases = (
				1B77F468267DEAF100441C8B /* Sources */,
				1B77F469267DEAF100441C8B /* Frameworks */,
				1B77F46A267DEAF100441C8B /* Resources */,
			);
			buildRules = (
			);
			dependencies = (
			);
			name = tictactoe;
			productName = tictactoe;
			productReference = 1B77F46C267DEAF100441C8B /* tictactoe.app */;
			productType = "com.apple.product-type.application";
		};
		1B77F481267DEAF500441C8B /* tictactoeTests */ = {
			isa = PBXNativeTarget;
			buildConfigurationList = 1B77F499267DEAF500441C8B /* Build configuration list for PBXNativeTarget "tictactoeTests" */;
			buildPhases = (
				1B77F47E267DEAF500441C8B /* Sources */,
				1B77F47F267DEAF500441C8B /* Frameworks */,
				1B77F480267DEAF500441C8B /* Resources */,
			);
			buildRules = (
			);
			dependencies = (
				1B77F484267DEAF500441C8B /* PBXTargetDependency */,
			);
			name = tictactoeTests;
			productName = tictactoeTests;
			productReference = 1B77F482267DEAF500441C8B /* tictactoeTests.xctest */;
			productType = "com.apple.product-type.bundle.unit-test";
		};
/* End PBXNativeTarget section */

/* Begin PBXProject section */
		1B77F464267DEAF100441C8B /* Project object */ = {
			isa = PBXProject;
			attributes = {
				LastSwiftUpdateCheck = 1250;
				LastUpgradeCheck = 1250;
				TargetAttributes = {
					1B77F46B267DEAF100441C8B = {
						CreatedOnToolsVersion = 12.5;
					};
					1B77F481267DEAF500441C8B = {
						CreatedOnToolsVersion = 12.5;
						TestTargetID = 1B77F46B267DEAF100441C8B;
					};
				};
			};
			buildConfigurationList = 1B77F467267DEAF100441C8B /* Build configuration list for PBXProject "tictactoe" */;
			compatibilityVersion = "Xcode 9.3";
			developmentRegion = en;
			hasScannedForEncodings = 0;
			knownRegions = (
				en,
				Base,
			);
			mainGroup = 1B77F463267DEAF100441C8B;
			productRefGroup = 1B77F46D267DEAF100441C8B /* Products */;
			projectDirPath = "";
			projectRoot = "";
			targets = (
				1B77F46B267DEAF100441C8B /* tictactoe */,
				1B77F481267DEAF500441C8B /* tictactoeTests */,
			);
		};
/* End PBXProject section */

/* Begin PBXResourcesBuildPhase section */
		1B77F46A267DEAF100441C8B /* Resources */ = {
			isa = PBXResourcesBuildPhase;
			buildActionMask = 2147483647;
			files = (
				1B77F47C267DEAF500441C8B /* LaunchScreen.storyboard in Resources */,
				1B77F479267DEAF500441C8B /* Assets.xcassets in Resources */,
				1B77F477267DEAF100441C8B /* Main.storyboard in Resources */,
			);
			runOnlyForDeploymentPostprocessing = 0;
		};
		1B77F480267DEAF500441C8B /* Resources */ = {
			isa = PBXResourcesBuildPhase;
			buildActionMask = 2147483647;
			files = (
			);
			runOnlyForDeploymentPostprocessing = 0;
		};
/* End PBXResourcesBuildPhase section */

/* Begin PBXSourcesBuildPhase section */
		1B77F468267DEAF100441C8B /* Sources */ = {
			isa = PBXSourcesBuildPhase;
			buildActionMask = 2147483647;
			files = (
				1B77F474267DEAF100441C8B /* ViewController.swift in Sources */,
				1B77F470267DEAF100441C8B /* AppDelegate.swift in Sources */,
				1B77F4A1267E052C00441C8B /* TicTacToe.swift in Sources */,
				1B77F4A3267E231000441C8B /* Player.swift in Sources */,
				1B77F472267DEAF100441C8B /* SceneDelegate.swift in Sources */,
			);
			runOnlyForDeploymentPostprocessing = 0;
		};
		1B77F47E267DEAF500441C8B /* Sources */ = {
			isa = PBXSourcesBuildPhase;
			buildActionMask = 2147483647;
			files = (
				1B77F487267DEAF500441C8B /* tictactoeTests.swift in Sources */,
			);
			runOnlyForDeploymentPostprocessing = 0;
		};
/* End PBXSourcesBuildPhase section */

/* Begin PBXTargetDependency section */
		1B77F484267DEAF500441C8B /* PBXTargetDependency */ = {
			isa = PBXTargetDependency;
			target = 1B77F46B267DEAF100441C8B /* tictactoe */;
			targetProxy = 1B77F483267DEAF500441C8B /* PBXContainerItemProxy */;
		};
/* End PBXTargetDependency section */

/* Begin PBXVariantGroup section */
		1B77F475267DEAF100441C8B /* Main.storyboard */ = {
			isa = PBXVariantGroup;
			children = (
				1B77F476267DEAF100441C8B /* Base */,
			);
			name = Main.storyboard;
			sourceTree = "<group>";
		};
		1B77F47A267DEAF500441C8B /* LaunchScreen.storyboard */ = {
			isa = PBXVariantGroup;
			children = (
				1B77F47B267DEAF500441C8B /* Base */,
			);
			name = LaunchScreen.storyboard;
			sourceTree = "<group>";
		};
/* End PBXVariantGroup section */

/* Begin XCBuildConfiguration section */
		1B77F494267DEAF500441C8B /* Debug */ = {
			isa = XCBuildConfiguration;
			buildSettings = {
				ALWAYS_SEARCH_USER_PATHS = NO;
				CLANG_ANALYZER_NONNULL = YES;
				CLANG_ANALYZER_NUMBER_OBJECT_CONVERSION = YES_AGGRESSIVE;
				CLANG_CXX_LANGUAGE_STANDARD = "gnu++14";
				CLANG_CXX_LIBRARY = "libc++";
				CLANG_ENABLE_MODULES = YES;
				CLANG_ENABLE_OBJC_ARC = YES;
				CLANG_ENABLE_OBJC_WEAK = YES;
				CLANG_WARN_BLOCK_CAPTURE_AUTORELEASING = YES;
				CLANG_WARN_BOOL_CONVERSION = YES;
				CLANG_WARN_COMMA = YES;
				CLANG_WARN_CONSTANT_CONVERSION = YES;
				CLANG_WARN_DEPRECATED_OBJC_IMPLEMENTATIONS = YES;
				CLANG_WARN_DIRECT_OBJC_ISA_USAGE = YES_ERROR;
				CLANG_WARN_DOCUMENTATION_COMMENTS = YES;
				CLANG_WARN_EMPTY_BODY = YES;
				CLANG_WARN_ENUM_CONVERSION = YES;
				CLANG_WARN_INFINITE_RECURSION = YES;
				CLANG_WARN_INT_CONVERSION = YES;
				CLANG_WARN_NON_LITERAL_NULL_CONVERSION = YES;
				CLANG_WARN_OBJC_IMPLICIT_RETAIN_SELF = YES;
				CLANG_WARN_OBJC_LITERAL_CONVERSION = YES;
				CLANG_WARN_OBJC_ROOT_CLASS = YES_ERROR;
				CLANG_WARN_QUOTED_INCLUDE_IN_FRAMEWORK_HEADER = YES;
				CLANG_WARN_RANGE_LOOP_ANALYSIS = YES;
				CLANG_WARN_STRICT_PROTOTYPES = YES;
				CLANG_WARN_SUSPICIOUS_MOVE = YES;
				CLANG_WARN_UNGUARDED_AVAILABILITY = YES_AGGRESSIVE;
				CLANG_WARN_UNREACHABLE_CODE = YES;
				CLANG_WARN__DUPLICATE_METHOD_MATCH = YES;
				COPY_PHASE_STRIP = NO;
				DEBUG_INFORMATION_FORMAT = dwarf;
				ENABLE_STRICT_OBJC_MSGSEND = YES;
				ENABLE_TESTABILITY = YES;
				GCC_C_LANGUAGE_STANDARD = gnu11;
				GCC_DYNAMIC_NO_PIC = NO;
				GCC_NO_COMMON_BLOCKS = YES;
				GCC_OPTIMIZATION_LEVEL = 0;
				GCC_PREPROCESSOR_DEFINITIONS = (
					"DEBUG=1",
					"$(inherited)",
				);
				GCC_WARN_64_TO_32_BIT_CONVERSION = YES;
				GCC_WARN_ABOUT_RETURN_TYPE = YES_ERROR;
				GCC_WARN_UNDECLARED_SELECTOR = YES;
				GCC_WARN_UNINITIALIZED_AUTOS = YES_AGGRESSIVE;
				GCC_WARN_UNUSED_FUNCTION = YES;
				GCC_WARN_UNUSED_VARIABLE = YES;
				IPHONEOS_DEPLOYMENT_TARGET = 14.5;
				MTL_ENABLE_DEBUG_INFO = INCLUDE_SOURCE;
				MTL_FAST_MATH = YES;
				ONLY_ACTIVE_ARCH = YES;
				SDKROOT = iphoneos;
				SWIFT_ACTIVE_COMPILATION_CONDITIONS = DEBUG;
				SWIFT_OPTIMIZATION_LEVEL = "-Onone";
			};
			name = Debug;
		};
		1B77F495267DEAF500441C8B /* Release */ = {
			isa = XCBuildConfiguration;
			buildSettings = {
				ALWAYS_SEARCH_USER_PATHS = NO;
				CLANG_ANALYZER_NONNULL = YES;
				CLANG_ANALYZER_NUMBER_OBJECT_CONVERSION = YES_AGGRESSIVE;
				CLANG_CXX_LANGUAGE_STANDARD = "gnu++14";
				CLANG_CXX_LIBRARY = "libc++";
				CLANG_ENABLE_MODULES = YES;
				CLANG_ENABLE_OBJC_ARC = YES;
				CLANG_ENABLE_OBJC_WEAK = YES;
				CLANG_WARN_BLOCK_CAPTURE_AUTORELEASING = YES;
				CLANG_WARN_BOOL_CONVERSION = YES;
				CLANG_WARN_COMMA = YES;
				CLANG_WARN_CONSTANT_CONVERSION = YES;
				CLANG_WARN_DEPRECATED_OBJC_IMPLEMENTATIONS = YES;
				CLANG_WARN_DIRECT_OBJC_ISA_USAGE = YES_ERROR;
				CLANG_WARN_DOCUMENTATION_COMMENTS = YES;
				CLANG_WARN_EMPTY_BODY = YES;
				CLANG_WARN_ENUM_CONVERSION = YES;
				CLANG_WARN_INFINITE_RECURSION = YES;
				CLANG_WARN_INT_CONVERSION = YES;
				CLANG_WARN_NON_LITERAL_NULL_CONVERSION = YES;
				CLANG_WARN_OBJC_IMPLICIT_RETAIN_SELF = YES;
				CLANG_WARN_OBJC_LITERAL_CONVERSION = YES;
				CLANG_WARN_OBJC_ROOT_CLASS = YES_ERROR;
				CLANG_WARN_QUOTED_INCLUDE_IN_FRAMEWORK_HEADER = YES;
				CLANG_WARN_RANGE_LOOP_ANALYSIS = YES;
				CLANG_WARN_STRICT_PROTOTYPES = YES;
				CLANG_WARN_SUSPICIOUS_MOVE = YES;
				CLANG_WARN_UNGUARDED_AVAILABILITY = YES_AGGRESSIVE;
				CLANG_WARN_UNREACHABLE_CODE = YES;
				CLANG_WARN__DUPLICATE_METHOD_MATCH = YES;
				COPY_PHASE_STRIP = NO;
				DEBUG_INFORMATION_FORMAT = "dwarf-with-dsym";
				ENABLE_NS_ASSERTIONS = NO;
				ENABLE_STRICT_OBJC_MSGSEND = YES;
				GCC_C_LANGUAGE_STANDARD = gnu11;
				GCC_NO_COMMON_BLOCKS = YES;
				GCC_WARN_64_TO_32_BIT_CONVERSION = YES;
				GCC_WARN_ABOUT_RETURN_TYPE = YES_ERROR;
				GCC_WARN_UNDECLARED_SELECTOR = YES;
				GCC_WARN_UNINITIALIZED_AUTOS = YES_AGGRESSIVE;
				GCC_WARN_UNUSED_FUNCTION = YES;
				GCC_WARN_UNUSED_VARIABLE = YES;
				IPHONEOS_DEPLOYMENT_TARGET = 14.5;
				MTL_ENABLE_DEBUG_INFO = NO;
				MTL_FAST_MATH = YES;
				SDKROOT = iphoneos;
				SWIFT_COMPILATION_MODE = wholemodule;
				SWIFT_OPTIMIZATION_LEVEL = "-O";
				VALIDATE_PRODUCT = YES;
			};
			name = Release;
		};
		1B77F497267DEAF500441C8B /* Debug */ = {
			isa = XCBuildConfiguration;
			buildSettings = {
				ASSETCATALOG_COMPILER_APPICON_NAME = AppIcon;
				ASSETCATALOG_COMPILER_GLOBAL_ACCENT_COLOR_NAME = AccentColor;
				CODE_SIGN_STYLE = Automatic;
				INFOPLIST_FILE = tictactoe/Info.plist;
				LD_RUNPATH_SEARCH_PATHS = (
					"$(inherited)",
					"@executable_path/Frameworks",
				);
				PRODUCT_BUNDLE_IDENTIFIER = com.io.tictactoe;
				PRODUCT_NAME = "$(TARGET_NAME)";
				SWIFT_VERSION = 5.0;
				TARGETED_DEVICE_FAMILY = "1,2";
			};
			name = Debug;
		};
		1B77F498267DEAF500441C8B /* Release */ = {
			isa = XCBuildConfiguration;
			buildSettings = {
				ASSETCATALOG_COMPILER_APPICON_NAME = AppIcon;
				ASSETCATALOG_COMPILER_GLOBAL_ACCENT_COLOR_NAME = AccentColor;
				CODE_SIGN_STYLE = Automatic;
				INFOPLIST_FILE = tictactoe/Info.plist;
				LD_RUNPATH_SEARCH_PATHS = (
					"$(inherited)",
					"@executable_path/Frameworks",
				);
				PRODUCT_BUNDLE_IDENTIFIER = com.io.tictactoe;
				PRODUCT_NAME = "$(TARGET_NAME)";
				SWIFT_VERSION = 5.0;
				TARGETED_DEVICE_FAMILY = "1,2";
			};
			name = Release;
		};
		1B77F49A267DEAF500441C8B /* Debug */ = {
			isa = XCBuildConfiguration;
			buildSettings = {
				ALWAYS_EMBED_SWIFT_STANDARD_LIBRARIES = YES;
				BUNDLE_LOADER = "$(TEST_HOST)";
				CODE_SIGN_STYLE = Automatic;
				INFOPLIST_FILE = tictactoeTests/Info.plist;
				IPHONEOS_DEPLOYMENT_TARGET = 14.5;
				LD_RUNPATH_SEARCH_PATHS = (
					"$(inherited)",
					"@executable_path/Frameworks",
					"@loader_path/Frameworks",
				);
				PRODUCT_BUNDLE_IDENTIFIER = com.io.tictactoeTests;
				PRODUCT_NAME = "$(TARGET_NAME)";
				SWIFT_VERSION = 5.0;
				TARGETED_DEVICE_FAMILY = "1,2";
				TEST_HOST = "$(BUILT_PRODUCTS_DIR)/tictactoe.app/tictactoe";
			};
			name = Debug;
		};
		1B77F49B267DEAF500441C8B /* Release */ = {
			isa = XCBuildConfiguration;
			buildSettings = {
				ALWAYS_EMBED_SWIFT_STANDARD_LIBRARIES = YES;
				BUNDLE_LOADER = "$(TEST_HOST)";
				CODE_SIGN_STYLE = Automatic;
				INFOPLIST_FILE = tictactoeTests/Info.plist;
				IPHONEOS_DEPLOYMENT_TARGET = 14.5;
				LD_RUNPATH_SEARCH_PATHS = (
					"$(inherited)",
					"@executable_path/Frameworks",
					"@loader_path/Frameworks",
				);
				PRODUCT_BUNDLE_IDENTIFIER = com.io.tictactoeTests;
				PRODUCT_NAME = "$(TARGET_NAME)";
				SWIFT_VERSION = 5.0;
				TARGETED_DEVICE_FAMILY = "1,2";
				TEST_HOST = "$(BUILT_PRODUCTS_DIR)/tictactoe.app/tictactoe";
			};
			name = Release;
		};
/* End XCBuildConfiguration section */

/* Begin XCConfigurationList section */
		1B77F467267DEAF100441C8B /* Build configuration list for PBXProject "tictactoe" */ = {
			isa = XCConfigurationList;
			buildConfigurations = (
				1B77F494267DEAF500441C8B /* Debug */,
				1B77F495267DEAF500441C8B /* Release */,
			);
			defaultConfigurationIsVisible = 0;
			defaultConfigurationName = Release;
		};
		1B77F496267DEAF500441C8B /* Build configuration list for PBXNativeTarget "tictactoe" */ = {
			isa = XCConfigurationList;
			buildConfigurations = (
				1B77F497267DEAF500441C8B /* Debug */,
				1B77F498267DEAF500441C8B /* Release */,
			);
			defaultConfigurationIsVisible = 0;
			defaultConfigurationName = Release;
		};
		1B77F499267DEAF500441C8B /* Build configuration list for PBXNativeTarget "tictactoeTests" */ = {
			isa = XCConfigurationList;
			buildConfigurations = (
				1B77F49A267DEAF500441C8B /* Debug */,
				1B77F49B267DEAF500441C8B /* Release */,
			);
			defaultConfigurationIsVisible = 0;
			defaultConfigurationName = Release;
		};
/* End XCConfigurationList section */
	};
	rootObject = 1B77F464267DEAF100441C8B /* Project object */;
}
